# This file is autogenerated, do not edit; changes may be undone by the next 'dep ensure'.


[[projects]]
  digest = "1:870d441fe217b8e689d7949fef6e43efbc787e50f200cb1e70dbca9204a1d6be"
  name = "github.com/inconshreveable/mousetrap"
  packages = ["."]
  pruneopts = "UT"
  revision = "76626ae9c91c4f2a10f34cad8ce83ea42c93bb75"
  version = "v1.0"

[[projects]]
  branch = "master"
  digest = "1:94fa1f2ef03d8c002dcfc02f4d778b95c7db66d2304ba718a9cade5bf88c91a1"
  name = "github.com/spf13/cobra"
  packages = ["."]
  pruneopts = "UT"
  revision = "fe5e611709b0c57fa4a89136deaa8e1d4004d053"

[[projects]]
  branch = "master"
  digest = "1:62d4e1f9d7f4118e60e5861560c64a77ae75eebbdaf5dd5fd5b7cacd66099bbd"
  name = "github.com/spf13/pflag"
  packages = ["."]
  pruneopts = "UT"
  revision = "082b515c9490f4eccc758469c3152b77d139f868"

[solve-meta]
  analyzer-name = "dep"
  analyzer-version = 1
  input-imports = ["github.com/spf13/cobra"]
  solver-name = "gps-cdcl"
  solver-version = 1
